
Microsoft Visual Studio Solution File, Format Version 12.00
# Visual Studio Version 17
VisualStudioVersion = 17.2.32616.157
MinimumVisualStudioVersion = 10.0.40219.1
Project("{FAE04EC0-301F-11D3-BF4B-00C04F79EFBC}") = "Chapter", "Chapter\Chapter.csproj", "{5D704A32-3124-4666-B996-C7FE57C58884}"
EndProject
Global
	GlobalSection(SolutionConfigurationPlatforms) = preSolution
		Debug|Any CPU = Debug|Any CPU
		Release|Any CPU = Release|Any CPU
	EndGlobalSection
	GlobalSection(ProjectConfigurationPlatforms) = postSolution
		{5D704A32-3124-4666-B996-C7FE57C58884}.Debug|Any CPU.ActiveCfg = Debug|Any CPU
		{5D704A32-3124-4666-B996-C7FE57C58884}.Debug|Any CPU.Build.0 = Debug|Any CPU
		{5D704A32-3124-4666-B996-C7FE57C58884}.Release|Any CPU.ActiveCfg = Release|Any CPU
		{5D704A32-3124-4666-B996-C7FE57C58884}.Release|Any CPU.Build.0 = Release|Any CPU
	EndGlobalSection
	GlobalSection(SolutionProperties) = preSolution
		HideSolutionNode = FALSE
	EndGlobalSection
	GlobalSection(ExtensibilityGlobals) = postSolution
		SolutionGuid = {617CCD36-7D10-4043-8849-B40181A31041}
	EndGlobalSection
EndGlobal
